
Microsoft Visual Studio Solution File, Format Version 12.00
# Visual Studio Version 17
VisualStudioVersion = 17.3.32922.545
MinimumVisualStudioVersion = 10.0.40219.1
Project("{9A19103F-16F7-4668-BE54-9A1E7A4F7556}") = "WpfApp", "WpfApp\WpfApp.csproj", "{0B82ED22-B9BF-483A-A0EC-12B1901C0762}"
EndProject
Project("{9A19103F-16F7-4668-BE54-9A1E7A4F7556}") = "ModuleOne", "ModuleOne\ModuleOne.csproj", "{BBD5C8EC-3019-4390-9298-871995029AC9}"
EndProject
Project("{9A19103F-16F7-4668-BE54-9A1E7A4F7556}") = "ModuleTwo", "ModuleTwo\ModuleTwo.csproj", "{A28F157A-8900-41BE-A34D-3E85DFE27C47}"
EndProject
Project("{FAE04EC0-301F-11D3-BF4B-00C04F79EFBC}") = "Common", "Common\Common.csproj", "{14B4C7AF-2846-4B5B-82C8-C58F1D4F4288}"
EndProject
Global
	GlobalSection(SolutionConfigurationPlatforms) = preSolution
		Debug|Any CPU = Debug|Any CPU
		Release|Any CPU = Release|Any CPU
	EndGlobalSection
	GlobalSection(ProjectConfigurationPlatforms) = postSolution
		{0B82ED22-B9BF-483A-A0EC-12B1901C0762}.Debug|Any CPU.ActiveCfg = Debug|Any CPU
		{0B82ED22-B9BF-483A-A0EC-12B1901C0762}.Debug|Any CPU.Build.0 = Debug|Any CPU
		{0B82ED22-B9BF-483A-A0EC-12B1901C0762}.Release|Any CPU.ActiveCfg = Release|Any CPU
		{0B82ED22-B9BF-483A-A0EC-12B1901C0762}.Release|Any CPU.Build.0 = Release|Any CPU
		{BBD5C8EC-3019-4390-9298-871995029AC9}.Debug|Any CPU.ActiveCfg = Debug|Any CPU
		{BBD5C8EC-3019-4390-9298-871995029AC9}.Debug|Any CPU.Build.0 = Debug|Any CPU
		{BBD5C8EC-3019-4390-9298-871995029AC9}.Release|Any CPU.ActiveCfg = Release|Any CPU
		{BBD5C8EC-3019-4390-9298-871995029AC9}.Release|Any CPU.Build.0 = Release|Any CPU
		{A28F157A-8900-41BE-A34D-3E85DFE27C47}.Debug|Any CPU.ActiveCfg = Debug|Any CPU
		{A28F157A-8900-41BE-A34D-3E85DFE27C47}.Debug|Any CPU.Build.0 = Debug|Any CPU
		{A28F157A-8900-41BE-A34D-3E85DFE27C47}.Release|Any CPU.ActiveCfg = Release|Any CPU
		{A28F157A-8900-41BE-A34D-3E85DFE27C47}.Release|Any CPU.Build.0 = Release|Any CPU
		{14B4C7AF-2846-4B5B-82C8-C58F1D4F4288}.Debug|Any CPU.ActiveCfg = Debug|Any CPU
		{14B4C7AF-2846-4B5B-82C8-C58F1D4F4288}.Debug|Any CPU.Build.0 = Debug|Any CPU
		{14B4C7AF-2846-4B5B-82C8-C58F1D4F4288}.Release|Any CPU.ActiveCfg = Release|Any CPU
		{14B4C7AF-2846-4B5B-82C8-C58F1D4F4288}.Release|Any CPU.Build.0 = Release|Any CPU
	EndGlobalSection
	GlobalSection(SolutionProperties) = preSolution
		HideSolutionNode = FALSE
	EndGlobalSection
	GlobalSection(ExtensibilityGlobals) = postSolution
		SolutionGuid = {DFBB11F2-7181-4B06-9B85-8AB4E2421942}
	EndGlobalSection
EndGlobal
